schema: '2.0'
stages:
  prepare_data:
    cmd: python ./prepare_data.py
    deps:
    - path: ./archive/imdb-dataset.csv
      hash: md5
      md5: 308443a50e5c993e7b8a1cdb95750026
      size: 66212309
    - path: ./prepare_data.py
      hash: md5
      md5: 3d5b046ab3f2f134314dd62bbcaa640a
      size: 714
    params:
      params.yaml:
        data:
          csv_file_path: ./archive/imdb-dataset.csv
          test_set_ratio: 0.2
          train_csv_save_path: ./archive/train.csv
          test_csv_save_path: ./archive/test.csv
    outs:
    - path: ./archive/test.csv
      hash: md5
      md5: 9c481891b267fc858b7623047b47e080
      size: 13163613
    - path: ./archive/train.csv
      hash: md5
      md5: 3e69fcb0710e7ff5a3f094901f5c2803
      size: 53148727
  make_features:
    cmd: python ./make_features.py
    deps:
    - path: ./archive/test.csv
      hash: md5
      md5: 9c481891b267fc858b7623047b47e080
      size: 13163613
    - path: ./archive/train.csv
      hash: md5
      md5: 3e69fcb0710e7ff5a3f094901f5c2803
      size: 53148727
    - path: ./make_features.py
      hash: md5
      md5: dfaa09f82a3dba20039eaf2b56b9aa00
      size: 889
    params:
      params.yaml:
        features:
          vectorizer: tfidf-vectorizer
          train_feature_save_path: ./archive/train.joblib
          test_feature_save_path: ./archive/test.joblib
    outs:
    - path: ./archive/test.joblib
      hash: md5
      md5: 5f09f4772fba84791d83e1178483fd68
      size: 10499971
    - path: ./archive/train.joblib
      hash: md5
      md5: d3ff1f2e6f741f2a1ddb55e988a02049
      size: 42801283
  train:
    cmd: python ./train.py
    deps:
    - path: ./archive/train.csv
      hash: md5
      md5: 3e69fcb0710e7ff5a3f094901f5c2803
      size: 53148727
    - path: ./archive/train.joblib
      hash: md5
      md5: d3ff1f2e6f741f2a1ddb55e988a02049
      size: 42801283
    - path: ./train.py
      hash: md5
      md5: ceee031bac5c2659164c11114bd53339
      size: 667
    params:
      params.yaml:
        train:
          penalty: l2
          C: 1.0
          solver: lbfgs
          model_save_path: ./archive/model.joblib
    outs:
    - path: ./archive/model.joblib
      hash: md5
      md5: e0db759b4c8de53bbdcffd3bd9f69045
      size: 742479
  evaluate:
    cmd: python ./evaluate.py
    deps:
    - path: ./archive/model.joblib
      hash: md5
      md5: e0db759b4c8de53bbdcffd3bd9f69045
      size: 742479
    - path: ./archive/test.csv
      hash: md5
      md5: 9c481891b267fc858b7623047b47e080
      size: 13163613
    - path: ./archive/test.joblib
      hash: md5
      md5: 5f09f4772fba84791d83e1178483fd68
      size: 10499971
    - path: ./evaluate.py
      hash: md5
      md5: 76147925b8d3592a32b25515ed3d8543
      size: 978
    params:
      params.yaml:
        evaluation:
          metric: accuracy
          result_save_path: ./archive/results.yaml
    outs:
    - path: ./archive/results.yaml
      hash: md5
      md5: 232723b3172d6f700539c184607d3bee
      size: 17
